
Microsoft Visual Studio Solution File, Format Version 12.00
# Visual Studio Version 16
VisualStudioVersion = 16.0.32106.194
MinimumVisualStudioVersion = 10.0.40219.1
Project("{FAE04EC0-301F-11D3-BF4B-00C04F79EFBC}") = "CollaboroCodeBox", "CollaboroCodeBox\CollaboroCodeBox.csproj", "{2FFBE961-2D2D-4316-9E84-765478283BAB}"
EndProject
Project("{FAE04EC0-301F-11D3-BF4B-00C04F79EFBC}") = "CollaboroCodeBox.Core", "CollaboroCodeBox.Core\CollaboroCodeBox.Core.csproj", "{B967C759-54CD-4587-970B-6FD2B822D561}"
EndProject
Project("{FAE04EC0-301F-11D3-BF4B-00C04F79EFBC}") = "CollaboroCodeBox.Core.Tests", "CollaboroCodeBox.Core.Tests\CollaboroCodeBox.Core.Tests.csproj", "{A2C0BD1F-5BFB-4C7F-B0ED-0E2F7A1ECE48}"
EndProject
Global
	GlobalSection(SolutionConfigurationPlatforms) = preSolution
		Debug|Any CPU = Debug|Any CPU
		Release|Any CPU = Release|Any CPU
	EndGlobalSection
	GlobalSection(ProjectConfigurationPlatforms) = postSolution
		{2FFBE961-2D2D-4316-9E84-765478283BAB}.Debug|Any CPU.ActiveCfg = Debug|Any CPU
		{2FFBE961-2D2D-4316-9E84-765478283BAB}.Debug|Any CPU.Build.0 = Debug|Any CPU
		{2FFBE961-2D2D-4316-9E84-765478283BAB}.Release|Any CPU.ActiveCfg = Release|Any CPU
		{2FFBE961-2D2D-4316-9E84-765478283BAB}.Release|Any CPU.Build.0 = Release|Any CPU
		{B967C759-54CD-4587-970B-6FD2B822D561}.Debug|Any CPU.ActiveCfg = Debug|Any CPU
		{B967C759-54CD-4587-970B-6FD2B822D561}.Debug|Any CPU.Build.0 = Debug|Any CPU
		{B967C759-54CD-4587-970B-6FD2B822D561}.Release|Any CPU.ActiveCfg = Release|Any CPU
		{B967C759-54CD-4587-970B-6FD2B822D561}.Release|Any CPU.Build.0 = Release|Any CPU
		{A2C0BD1F-5BFB-4C7F-B0ED-0E2F7A1ECE48}.Debug|Any CPU.ActiveCfg = Debug|Any CPU
		{A2C0BD1F-5BFB-4C7F-B0ED-0E2F7A1ECE48}.Debug|Any CPU.Build.0 = Debug|Any CPU
		{A2C0BD1F-5BFB-4C7F-B0ED-0E2F7A1ECE48}.Release|Any CPU.ActiveCfg = Release|Any CPU
		{A2C0BD1F-5BFB-4C7F-B0ED-0E2F7A1ECE48}.Release|Any CPU.Build.0 = Release|Any CPU
	EndGlobalSection
	GlobalSection(SolutionProperties) = preSolution
		HideSolutionNode = FALSE
	EndGlobalSection
	GlobalSection(ExtensibilityGlobals) = postSolution
		SolutionGuid = {72326923-2804-4EDB-8EC5-74D7ABE2DC8C}
	EndGlobalSection
EndGlobal
